
Microsoft Visual Studio Solution File, Format Version 12.00
# Visual Studio 15
VisualStudioVersion = 15.0.26730.12
MinimumVisualStudioVersion = 10.0.40219.1
Project("{FAE04EC0-301F-11D3-BF4B-00C04F79EFBC}") = "TransactionRunner", "TransactionRunner\TransactionRunner.csproj", "{98434867-13D7-4F83-9811-0219C1C5758F}"
EndProject
Project("{FAE04EC0-301F-11D3-BF4B-00C04F79EFBC}") = "TransactionRunner.Test", "TransactionRunner.Test\TransactionRunner.Test.csproj", "{D4A02278-6DC1-48B3-955D-E7D1E7FCB7BE}"
EndProject
Global
	GlobalSection(SolutionConfigurationPlatforms) = preSolution
		Debug|Any CPU = Debug|Any CPU
		Release|Any CPU = Release|Any CPU
	EndGlobalSection
	GlobalSection(ProjectConfigurationPlatforms) = postSolution
		{98434867-13D7-4F83-9811-0219C1C5758F}.Debug|Any CPU.ActiveCfg = Debug|Any CPU
		{98434867-13D7-4F83-9811-0219C1C5758F}.Debug|Any CPU.Build.0 = Debug|Any CPU
		{98434867-13D7-4F83-9811-0219C1C5758F}.Release|Any CPU.ActiveCfg = Release|Any CPU
		{98434867-13D7-4F83-9811-0219C1C5758F}.Release|Any CPU.Build.0 = Release|Any CPU
		{D4A02278-6DC1-48B3-955D-E7D1E7FCB7BE}.Debug|Any CPU.ActiveCfg = Debug|Any CPU
		{D4A02278-6DC1-48B3-955D-E7D1E7FCB7BE}.Debug|Any CPU.Build.0 = Debug|Any CPU
		{D4A02278-6DC1-48B3-955D-E7D1E7FCB7BE}.Release|Any CPU.ActiveCfg = Release|Any CPU
		{D4A02278-6DC1-48B3-955D-E7D1E7FCB7BE}.Release|Any CPU.Build.0 = Release|Any CPU
	EndGlobalSection
	GlobalSection(SolutionProperties) = preSolution
		HideSolutionNode = FALSE
	EndGlobalSection
	GlobalSection(ExtensibilityGlobals) = postSolution
		SolutionGuid = {AB690A5B-9D58-46CA-A189-626E4EB7BBB6}
	EndGlobalSection
EndGlobal
